
Microsoft Visual Studio Solution File, Format Version 12.00
# Visual Studio 15
VisualStudioVersion = 15.0.27703.2026
MinimumVisualStudioVersion = 10.0.40219.1
Project("{FAE04EC0-301F-11D3-BF4B-00C04F79EFBC}") = "ffplay-thumbnail", "ffplay-thumbnail.csproj", "{8E08DDF0-1890-4DE4-B056-0446895082BD}"
EndProject
Global
	GlobalSection(SolutionConfigurationPlatforms) = preSolution
		Debug|Any CPU = Debug|Any CPU
		Debug|x64 = Debug|x64
		Release|Any CPU = Release|Any CPU
		Release|x64 = Release|x64
		Release-amd64|Any CPU = Release-amd64|Any CPU
		Release-amd64|x64 = Release-amd64|x64
	EndGlobalSection
	GlobalSection(ProjectConfigurationPlatforms) = postSolution
		{8E08DDF0-1890-4DE4-B056-0446895082BD}.Debug|Any CPU.ActiveCfg = Debug|Any CPU
		{8E08DDF0-1890-4DE4-B056-0446895082BD}.Debug|Any CPU.Build.0 = Debug|Any CPU
		{8E08DDF0-1890-4DE4-B056-0446895082BD}.Debug|x64.ActiveCfg = Debug|Any CPU
		{8E08DDF0-1890-4DE4-B056-0446895082BD}.Debug|x64.Build.0 = Debug|Any CPU
		{8E08DDF0-1890-4DE4-B056-0446895082BD}.Release|Any CPU.ActiveCfg = Release|Any CPU
		{8E08DDF0-1890-4DE4-B056-0446895082BD}.Release|Any CPU.Build.0 = Release|Any CPU
		{8E08DDF0-1890-4DE4-B056-0446895082BD}.Release|x64.ActiveCfg = Release|Any CPU
		{8E08DDF0-1890-4DE4-B056-0446895082BD}.Release|x64.Build.0 = Release|Any CPU
		{8E08DDF0-1890-4DE4-B056-0446895082BD}.Release-amd64|Any CPU.ActiveCfg = Release|Any CPU
		{8E08DDF0-1890-4DE4-B056-0446895082BD}.Release-amd64|Any CPU.Build.0 = Release|Any CPU
		{8E08DDF0-1890-4DE4-B056-0446895082BD}.Release-amd64|x64.ActiveCfg = Release|Any CPU
		{8E08DDF0-1890-4DE4-B056-0446895082BD}.Release-amd64|x64.Build.0 = Release|Any CPU
	EndGlobalSection
	GlobalSection(SolutionProperties) = preSolution
		HideSolutionNode = FALSE
	EndGlobalSection
	GlobalSection(ExtensibilityGlobals) = postSolution
		SolutionGuid = {E943095E-27E2-4C19-8265-38F6267941DC}
	EndGlobalSection
EndGlobal
